
Microsoft Visual Studio Solution File, Format Version 12.00
Project("{FAE04EC0-301F-11D3-BF4B-00C04F79EFBC}") = "SzakatsA.Result", "Source\SzakatsA.Result.csproj", "{F6B93927-9DA0-43BF-8DF4-37E8270387A5}"
EndProject
Project("{FAE04EC0-301F-11D3-BF4B-00C04F79EFBC}") = "SzakatsA.Result.Tests", "Tests\SzakatsA.Result.Tests.csproj", "{F5C2A331-6980-4B5B-ABB7-212604E65607}"
EndProject
Global
	GlobalSection(SolutionConfigurationPlatforms) = preSolution
		Debug|Any CPU = Debug|Any CPU
		Release|Any CPU = Release|Any CPU
	EndGlobalSection
	GlobalSection(ProjectConfigurationPlatforms) = postSolution
		{F6B93927-9DA0-43BF-8DF4-37E8270387A5}.Debug|Any CPU.ActiveCfg = Debug|Any CPU
		{F6B93927-9DA0-43BF-8DF4-37E8270387A5}.Debug|Any CPU.Build.0 = Debug|Any CPU
		{F6B93927-9DA0-43BF-8DF4-37E8270387A5}.Release|Any CPU.ActiveCfg = Release|Any CPU
		{F6B93927-9DA0-43BF-8DF4-37E8270387A5}.Release|Any CPU.Build.0 = Release|Any CPU
		{F5C2A331-6980-4B5B-ABB7-212604E65607}.Debug|Any CPU.ActiveCfg = Debug|Any CPU
		{F5C2A331-6980-4B5B-ABB7-212604E65607}.Debug|Any CPU.Build.0 = Debug|Any CPU
		{F5C2A331-6980-4B5B-ABB7-212604E65607}.Release|Any CPU.ActiveCfg = Release|Any CPU
		{F5C2A331-6980-4B5B-ABB7-212604E65607}.Release|Any CPU.Build.0 = Release|Any CPU
	EndGlobalSection
EndGlobal
